{
  "nodes": {
    "nixpkgs": {
      "locked": {
        "lastModified": 1698160471,
        "narHash": "sha256-lH7ZEItqQOWi21St9JyE6t3yyFNYGoQqSEcS90WMnBY=",
        "owner": "NixOS",
        "repo": "nixpkgs",
        "rev": "04f431fe64a5ba8ff129cbbbfec489cfe903982c",
        "type": "github"
      },
      "original": {
        "owner": "NixOS",
        "ref": "nixos-23.05",
        "repo": "nixpkgs",
        "type": "github"
      }
    },
    "root": {
      "inputs": {
        "nixpkgs": "nixpkgs"
      }
    }
  },
  "root": "root",
  "version": 7
}
